PODS:
  - MBProgressHUD (0.9.1)
  - YALField (1.0.0)

DEPENDENCIES:
  - MBProgressHUD
  - YALField (from `../`)

EXTERNAL SOURCES:
  YALField:
    :path: "../"

SPEC CHECKSUMS:
  MBProgressHUD: c47f2c166c126cf2ce36498d80f33e754d4e93ad
  YALField: 5f7241d925ece3a4bdda01b1ade41af11519deea

COCOAPODS: 0.39.0
