PODS:
  - MBProgressHUD (0.9.1)
  - YALField (1.0.1)

DEPENDENCIES:
  - MBProgressHUD
  - YALField (from `../`)

SPEC REPOS:
  https://github.com/cocoapods/specs.git:
    - MBProgressHUD

EXTERNAL SOURCES:
  YALField:
    :path: "../"

SPEC CHECKSUMS:
  MBProgressHUD: c47f2c166c126cf2ce36498d80f33e754d4e93ad
  YALField: f80f986de790bb13690264422437fa4e0593af0a

PODFILE CHECKSUM: 230f6421d91d43239fef240a7c8a19f4c5323f1d

COCOAPODS: 1.6.1
