// !$*UTF8*$!
{
	archiveVersion = 1;
	classes = {
	};
	objectVersion = 46;
	objects = {

/* Begin PBXBuildFile section */
		1C28692C1BD1072D00145D38 /* YALLoginViewController.m in Sources */ = {isa = PBXBuildFile; fileRef = 1C28692B1BD1072D00145D38 /* YALLoginViewController.m */; settings = {ASSET_TAGS = (); }; };
		1C28694E1BD16D9A00145D38 /* YALLoginForm.m in Sources */ = {isa = PBXBuildFile; fileRef = 1C28694D1BD16D9A00145D38 /* YALLoginForm.m */; settings = {ASSET_TAGS = (); }; };
		1C39E8341BDFA75C0099BEEA /* YALOrderField.m in Sources */ = {isa = PBXBuildFile; fileRef = 1C39E8331BDFA75C0099BEEA /* YALOrderField.m */; settings = {ASSET_TAGS = (); }; };
		1C39E8381BDFAACF0099BEEA /* YALStepperSupplementaryView.m in Sources */ = {isa = PBXBuildFile; fileRef = 1C39E8371BDFAACF0099BEEA /* YALStepperSupplementaryView.m */; settings = {ASSET_TAGS = (); }; };
		1C39E83C1BDFAD680099BEEA /* YALDateNonEmptyValidator.m in Sources */ = {isa = PBXBuildFile; fileRef = 1C39E83B1BDFAD680099BEEA /* YALDateNonEmptyValidator.m */; settings = {ASSET_TAGS = (); }; };
		1C39E8401BDFADFB0099BEEA /* YALDeliveryTimeFormatter.m in Sources */ = {isa = PBXBuildFile; fileRef = 1C39E83F1BDFADFB0099BEEA /* YALDeliveryTimeFormatter.m */; settings = {ASSET_TAGS = (); }; };
		1C39E8481BDFC4560099BEEA /* YALAlwaysValidValidator.m in Sources */ = {isa = PBXBuildFile; fileRef = 1C39E8471BDFC4560099BEEA /* YALAlwaysValidValidator.m */; settings = {ASSET_TAGS = (); }; };
		1C39E8511BDFD9450099BEEA /* UIColor+YALExampleColors.m in Sources */ = {isa = PBXBuildFile; fileRef = 1C39E8501BDFD9450099BEEA /* UIColor+YALExampleColors.m */; settings = {ASSET_TAGS = (); }; };
		1C39E8541BDFD9510099BEEA /* UIImage+YALExampleImages.m in Sources */ = {isa = PBXBuildFile; fileRef = 1C39E8531BDFD9510099BEEA /* UIImage+YALExampleImages.m */; settings = {ASSET_TAGS = (); }; };
		1C39E8581BDFDE720099BEEA /* YALPaymentField.m in Sources */ = {isa = PBXBuildFile; fileRef = 1C39E8571BDFDE720099BEEA /* YALPaymentField.m */; settings = {ASSET_TAGS = (); }; };
		1C3FB02B1BDA592300812EEC /* YALProfileViewController.m in Sources */ = {isa = PBXBuildFile; fileRef = 1C3FB02A1BDA592300812EEC /* YALProfileViewController.m */; settings = {ASSET_TAGS = (); }; };
		1C3FB02E1BDA593100812EEC /* YALEditProfileViewController.m in Sources */ = {isa = PBXBuildFile; fileRef = 1C3FB02D1BDA593100812EEC /* YALEditProfileViewController.m */; settings = {ASSET_TAGS = (); }; };
		1C3FB0311BDA593A00812EEC /* YALOrderViewController.m in Sources */ = {isa = PBXBuildFile; fileRef = 1C3FB0301BDA593A00812EEC /* YALOrderViewController.m */; settings = {ASSET_TAGS = (); }; };
		1C3FB0341BDA594300812EEC /* YALPaymentViewController.m in Sources */ = {isa = PBXBuildFile; fileRef = 1C3FB0331BDA594300812EEC /* YALPaymentViewController.m */; settings = {ASSET_TAGS = (); }; };
		1C3FB03B1BDA8B3700812EEC /* YALEditProfileConfigurator.m in Sources */ = {isa = PBXBuildFile; fileRef = 1C3FB03A1BDA8B3700812EEC /* YALEditProfileConfigurator.m */; settings = {ASSET_TAGS = (); }; };
		1C3FB0411BDA8B4F00812EEC /* YALOrderConfigurator.m in Sources */ = {isa = PBXBuildFile; fileRef = 1C3FB0401BDA8B4F00812EEC /* YALOrderConfigurator.m */; settings = {ASSET_TAGS = (); }; };
		1C3FB0441BDA8B5700812EEC /* YALPaymentConfigurator.m in Sources */ = {isa = PBXBuildFile; fileRef = 1C3FB0431BDA8B5700812EEC /* YALPaymentConfigurator.m */; settings = {ASSET_TAGS = (); }; };
		1C510D581BDE685900EF4FC4 /* YALUser.m in Sources */ = {isa = PBXBuildFile; fileRef = 1C510D571BDE685900EF4FC4 /* YALUser.m */; settings = {ASSET_TAGS = (); }; };
		1C510D5B1BDE76EE00EF4FC4 /* YALEditProfileField.m in Sources */ = {isa = PBXBuildFile; fileRef = 1C510D5A1BDE76EE00EF4FC4 /* YALEditProfileField.m */; settings = {ASSET_TAGS = (); }; };
		1C510D5F1BDE993100EF4FC4 /* YALCustomResponder.m in Sources */ = {isa = PBXBuildFile; fileRef = 1C510D5E1BDE993100EF4FC4 /* YALCustomResponder.m */; settings = {ASSET_TAGS = (); }; };
		1C54A6FA1BD92FD600F64FB6 /* YALProfileForm.m in Sources */ = {isa = PBXBuildFile; fileRef = 1C54A6F91BD92FD600F64FB6 /* YALProfileForm.m */; settings = {ASSET_TAGS = (); }; };
		1C54A6FD1BD92FF500F64FB6 /* YALEditProfileForm.m in Sources */ = {isa = PBXBuildFile; fileRef = 1C54A6FC1BD92FF500F64FB6 /* YALEditProfileForm.m */; settings = {ASSET_TAGS = (); }; };
		1C54A7001BD9300300F64FB6 /* YALOrderForm.m in Sources */ = {isa = PBXBuildFile; fileRef = 1C54A6FF1BD9300300F64FB6 /* YALOrderForm.m */; settings = {ASSET_TAGS = (); }; };
		1C54A7031BD9300E00F64FB6 /* YALPaymentForm.m in Sources */ = {isa = PBXBuildFile; fileRef = 1C54A7021BD9300E00F64FB6 /* YALPaymentForm.m */; settings = {ASSET_TAGS = (); }; };
		1C8E3A501BE3C9CF0009A4DA /* YALExampleValidatingSupplementaryView.m in Sources */ = {isa = PBXBuildFile; fileRef = 1C8E3A4F1BE3C9CF0009A4DA /* YALExampleValidatingSupplementaryView.m */; settings = {ASSET_TAGS = (); }; };
		1C9A41311BE00686009D1B6A /* YALExpirationDateFormatter.m in Sources */ = {isa = PBXBuildFile; fileRef = 1C9A41301BE00686009D1B6A /* YALExpirationDateFormatter.m */; settings = {ASSET_TAGS = (); }; };
		1CAA73A91BD0FFF100D0C21E /* YALAppDelegate.m in Sources */ = {isa = PBXBuildFile; fileRef = 1CAA73A81BD0FFF100D0C21E /* YALAppDelegate.m */; settings = {ASSET_TAGS = (); }; };
		1CAA73B71BD1000400D0C21E /* Images.xcassets in Resources */ = {isa = PBXBuildFile; fileRef = 1CAA73B61BD1000400D0C21E /* Images.xcassets */; settings = {ASSET_TAGS = (); }; };
		1CAA73BC1BD1005000D0C21E /* YALBaseViewController.m in Sources */ = {isa = PBXBuildFile; fileRef = 1CAA73BB1BD1005000D0C21E /* YALBaseViewController.m */; settings = {ASSET_TAGS = (); }; };
		1CAA73C01BD1013C00D0C21E /* YALRegistrationViewController.m in Sources */ = {isa = PBXBuildFile; fileRef = 1CAA73BF1BD1013C00D0C21E /* YALRegistrationViewController.m */; settings = {ASSET_TAGS = (); }; };
		1CC726CA1BE26D2E0043C681 /* YALOrderStepperSupplementaryView.m in Sources */ = {isa = PBXBuildFile; fileRef = 1CC726C91BE26D2E0043C681 /* YALOrderStepperSupplementaryView.m */; settings = {ASSET_TAGS = (); }; };
		1CD269261BD7E8C000EA9B0E /* Launch Screen.storyboard in Resources */ = {isa = PBXBuildFile; fileRef = 1CD269231BD7E8C000EA9B0E /* Launch Screen.storyboard */; settings = {ASSET_TAGS = (); }; };
		1CD269271BD7E8C000EA9B0E /* Main.storyboard in Resources */ = {isa = PBXBuildFile; fileRef = 1CD269251BD7E8C000EA9B0E /* Main.storyboard */; settings = {ASSET_TAGS = (); }; };
		1CD2693A1BD7E95300EA9B0E /* YALCreditCardCvvValidator.m in Sources */ = {isa = PBXBuildFile; fileRef = 1CD269301BD7E95300EA9B0E /* YALCreditCardCvvValidator.m */; settings = {ASSET_TAGS = (); }; };
		1CD2693B1BD7E95300EA9B0E /* YALEmailValidator.m in Sources */ = {isa = PBXBuildFile; fileRef = 1CD269331BD7E95300EA9B0E /* YALEmailValidator.m */; settings = {ASSET_TAGS = (); }; };
		1CD2693C1BD7E95300EA9B0E /* YALPasswordValidator.m in Sources */ = {isa = PBXBuildFile; fileRef = 1CD269361BD7E95300EA9B0E /* YALPasswordValidator.m */; settings = {ASSET_TAGS = (); }; };
		1CD2693D1BD7E95300EA9B0E /* YALPhoneNumberValidator.m in Sources */ = {isa = PBXBuildFile; fileRef = 1CD269391BD7E95300EA9B0E /* YALPhoneNumberValidator.m */; settings = {ASSET_TAGS = (); }; };
		1CD269431BD7EF0100EA9B0E /* YALCreditCardNumberFormatter.m in Sources */ = {isa = PBXBuildFile; fileRef = 1CD269411BD7EF0100EA9B0E /* YALCreditCardNumberFormatter.m */; settings = {ASSET_TAGS = (); }; };
		1CD269461BD7EF1D00EA9B0E /* YALPhoneNumberFormatter.m in Sources */ = {isa = PBXBuildFile; fileRef = 1CD269451BD7EF1D00EA9B0E /* YALPhoneNumberFormatter.m */; settings = {ASSET_TAGS = (); }; };
		1CD2694B1BD7F25F00EA9B0E /* YALExampleErrorsProvider.m in Sources */ = {isa = PBXBuildFile; fileRef = 1CD2694A1BD7F25F00EA9B0E /* YALExampleErrorsProvider.m */; settings = {ASSET_TAGS = (); }; };
		1CE36BC91BDB9950004A22ED /* YALRegistrationField.m in Sources */ = {isa = PBXBuildFile; fileRef = 1CE36BC81BDB9950004A22ED /* YALRegistrationField.m */; settings = {ASSET_TAGS = (); }; };
		1CE648461BDF910100EAFFDA /* YALBirthDateFormatter.m in Sources */ = {isa = PBXBuildFile; fileRef = 1CE648451BDF910100EAFFDA /* YALBirthDateFormatter.m */; settings = {ASSET_TAGS = (); }; };
		1CF1799F1BD6B3AA00FF80BA /* YALRegistrationForm.m in Sources */ = {isa = PBXBuildFile; fileRef = 1CF1799E1BD6B3AA00FF80BA /* YALRegistrationForm.m */; settings = {ASSET_TAGS = (); }; };
		1CF179A51BD6B3E700FF80BA /* YALLoginConfigurator.m in Sources */ = {isa = PBXBuildFile; fileRef = 1CF179A41BD6B3E700FF80BA /* YALLoginConfigurator.m */; settings = {ASSET_TAGS = (); }; };
		1CF179A81BD6B3F400FF80BA /* YALRegistrationConfigurator.m in Sources */ = {isa = PBXBuildFile; fileRef = 1CF179A71BD6B3F400FF80BA /* YALRegistrationConfigurator.m */; settings = {ASSET_TAGS = (); }; };
		1CF912B41BDC5B0F001CBB21 /* YALLoginField.m in Sources */ = {isa = PBXBuildFile; fileRef = 1CF912B31BDC5B0F001CBB21 /* YALLoginField.m */; settings = {ASSET_TAGS = (); }; };
		6003F58E195388D20070C39A /* Foundation.framework in Frameworks */ = {isa = PBXBuildFile; fileRef = 6003F58D195388D20070C39A /* Foundation.framework */; };
		6003F590195388D20070C39A /* CoreGraphics.framework in Frameworks */ = {isa = PBXBuildFile; fileRef = 6003F58F195388D20070C39A /* CoreGraphics.framework */; };
		6003F592195388D20070C39A /* UIKit.framework in Frameworks */ = {isa = PBXBuildFile; fileRef = 6003F591195388D20070C39A /* UIKit.framework */; };
		6003F598195388D20070C39A /* InfoPlist.strings in Resources */ = {isa = PBXBuildFile; fileRef = 6003F596195388D20070C39A /* InfoPlist.strings */; };
		6003F59A195388D20070C39A /* main.m in Sources */ = {isa = PBXBuildFile; fileRef = 6003F599195388D20070C39A /* main.m */; };
		6003F5B0195388D20070C39A /* XCTest.framework in Frameworks */ = {isa = PBXBuildFile; fileRef = 6003F5AF195388D20070C39A /* XCTest.framework */; };
		6003F5B1195388D20070C39A /* Foundation.framework in Frameworks */ = {isa = PBXBuildFile; fileRef = 6003F58D195388D20070C39A /* Foundation.framework */; };
		6003F5B2195388D20070C39A /* UIKit.framework in Frameworks */ = {isa = PBXBuildFile; fileRef = 6003F591195388D20070C39A /* UIKit.framework */; };
		6003F5BA195388D20070C39A /* InfoPlist.strings in Resources */ = {isa = PBXBuildFile; fileRef = 6003F5B8195388D20070C39A /* InfoPlist.strings */; };
		6003F5BC195388D20070C39A /* Tests.m in Sources */ = {isa = PBXBuildFile; fileRef = 6003F5BB195388D20070C39A /* Tests.m */; };
		6C9EBAF983D4ACBAA8EB64A6 /* Pods_YALField_Example.framework in Frameworks */ = {isa = PBXBuildFile; fileRef = 52AF6340499C32A709578296 /* Pods_YALField_Example.framework */; };
		CDE38B66CCE4EF2F591254D2 /* Pods_YALField_Tests.framework in Frameworks */ = {isa = PBXBuildFile; fileRef = 3919D635D5F1F7C397BA22B5 /* Pods_YALField_Tests.framework */; };
/* End PBXBuildFile section */

/* Begin PBXContainerItemProxy section */
		6003F5B3195388D20070C39A /* PBXContainerItemProxy */ = {
			isa = PBXContainerItemProxy;
			containerPortal = 6003F582195388D10070C39A /* Project object */;
			proxyType = 1;
			remoteGlobalIDString = 6003F589195388D20070C39A;
			remoteInfo = YALField;
		};
/* End PBXContainerItemProxy section */

/* Begin PBXFileReference section */
		1C28692A1BD1072D00145D38 /* YALLoginViewController.h */ = {isa = PBXFileReference; fileEncoding = 4; lastKnownFileType = sourcecode.c.h; path = YALLoginViewController.h; sourceTree = "<group>"; };
		1C28692B1BD1072D00145D38 /* YALLoginViewController.m */ = {isa = PBXFileReference; fileEncoding = 4; lastKnownFileType = sourcecode.c.objc; path = YALLoginViewController.m; sourceTree = "<group>"; };
		1C28694C1BD16D9A00145D38 /* YALLoginForm.h */ = {isa = PBXFileReference; fileEncoding = 4; lastKnownFileType = sourcecode.c.h; path = YALLoginForm.h; sourceTree = "<group>"; };
		1C28694D1BD16D9A00145D38 /* YALLoginForm.m */ = {isa = PBXFileReference; fileEncoding = 4; lastKnownFileType = sourcecode.c.objc; path = YALLoginForm.m; sourceTree = "<group>"; };
		1C39E8321BDFA75C0099BEEA /* YALOrderField.h */ = {isa = PBXFileReference; fileEncoding = 4; lastKnownFileType = sourcecode.c.h; path = YALOrderField.h; sourceTree = "<group>"; };
		1C39E8331BDFA75C0099BEEA /* YALOrderField.m */ = {isa = PBXFileReference; fileEncoding = 4; lastKnownFileType = sourcecode.c.objc; path = YALOrderField.m; sourceTree = "<group>"; };
		1C39E8361BDFAACF0099BEEA /* YALStepperSupplementaryView.h */ = {isa = PBXFileReference; fileEncoding = 4; lastKnownFileType = sourcecode.c.h; path = YALStepperSupplementaryView.h; sourceTree = "<group>"; };
		1C39E8371BDFAACF0099BEEA /* YALStepperSupplementaryView.m */ = {isa = PBXFileReference; fileEncoding = 4; lastKnownFileType = sourcecode.c.objc; path = YALStepperSupplementaryView.m; sourceTree = "<group>"; };
		1C39E83A1BDFAD680099BEEA /* YALDateNonEmptyValidator.h */ = {isa = PBXFileReference; fileEncoding = 4; lastKnownFileType = sourcecode.c.h; path = YALDateNonEmptyValidator.h; sourceTree = "<group>"; };
		1C39E83B1BDFAD680099BEEA /* YALDateNonEmptyValidator.m */ = {isa = PBXFileReference; fileEncoding = 4; lastKnownFileType = sourcecode.c.objc; path = YALDateNonEmptyValidator.m; sourceTree = "<group>"; };
		1C39E83E1BDFADFB0099BEEA /* YALDeliveryTimeFormatter.h */ = {isa = PBXFileReference; fileEncoding = 4; lastKnownFileType = sourcecode.c.h; path = YALDeliveryTimeFormatter.h; sourceTree = "<group>"; };
		1C39E83F1BDFADFB0099BEEA /* YALDeliveryTimeFormatter.m */ = {isa = PBXFileReference; fileEncoding = 4; lastKnownFileType = sourcecode.c.objc; path = YALDeliveryTimeFormatter.m; sourceTree = "<group>"; };
		1C39E8461BDFC4560099BEEA /* YALAlwaysValidValidator.h */ = {isa = PBXFileReference; fileEncoding = 4; lastKnownFileType = sourcecode.c.h; path = YALAlwaysValidValidator.h; sourceTree = "<group>"; };
		1C39E8471BDFC4560099BEEA /* YALAlwaysValidValidator.m */ = {isa = PBXFileReference; fileEncoding = 4; lastKnownFileType = sourcecode.c.objc; path = YALAlwaysValidValidator.m; sourceTree = "<group>"; };
		1C39E84F1BDFD9450099BEEA /* UIColor+YALExampleColors.h */ = {isa = PBXFileReference; fileEncoding = 4; lastKnownFileType = sourcecode.c.h; path = "UIColor+YALExampleColors.h"; sourceTree = "<group>"; };
		1C39E8501BDFD9450099BEEA /* UIColor+YALExampleColors.m */ = {isa = PBXFileReference; fileEncoding = 4; lastKnownFileType = sourcecode.c.objc; path = "UIColor+YALExampleColors.m"; sourceTree = "<group>"; };
		1C39E8521BDFD9510099BEEA /* UIImage+YALExampleImages.h */ = {isa = PBXFileReference; fileEncoding = 4; lastKnownFileType = sourcecode.c.h; path = "UIImage+YALExampleImages.h"; sourceTree = "<group>"; };
		1C39E8531BDFD9510099BEEA /* UIImage+YALExampleImages.m */ = {isa = PBXFileReference; fileEncoding = 4; lastKnownFileType = sourcecode.c.objc; path = "UIImage+YALExampleImages.m"; sourceTree = "<group>"; };
		1C39E8561BDFDE720099BEEA /* YALPaymentField.h */ = {isa = PBXFileReference; fileEncoding = 4; lastKnownFileType = sourcecode.c.h; path = YALPaymentField.h; sourceTree = "<group>"; };
		1C39E8571BDFDE720099BEEA /* YALPaymentField.m */ = {isa = PBXFileReference; fileEncoding = 4; lastKnownFileType = sourcecode.c.objc; path = YALPaymentField.m; sourceTree = "<group>"; };
		1C3FB0291BDA592300812EEC /* YALProfileViewController.h */ = {isa = PBXFileReference; fileEncoding = 4; lastKnownFileType = sourcecode.c.h; path = YALProfileViewController.h; sourceTree = "<group>"; };
		1C3FB02A1BDA592300812EEC /* YALProfileViewController.m */ = {isa = PBXFileReference; fileEncoding = 4; lastKnownFileType = sourcecode.c.objc; path = YALProfileViewController.m; sourceTree = "<group>"; };
		1C3FB02C1BDA593100812EEC /* YALEditProfileViewController.h */ = {isa = PBXFileReference; fileEncoding = 4; lastKnownFileType = sourcecode.c.h; path = YALEditProfileViewController.h; sourceTree = "<group>"; };
		1C3FB02D1BDA593100812EEC /* YALEditProfileViewController.m */ = {isa = PBXFileReference; fileEncoding = 4; lastKnownFileType = sourcecode.c.objc; path = YALEditProfileViewController.m; sourceTree = "<group>"; };
		1C3FB02F1BDA593A00812EEC /* YALOrderViewController.h */ = {isa = PBXFileReference; fileEncoding = 4; lastKnownFileType = sourcecode.c.h; path = YALOrderViewController.h; sourceTree = "<group>"; };
		1C3FB0301BDA593A00812EEC /* YALOrderViewController.m */ = {isa = PBXFileReference; fileEncoding = 4; lastKnownFileType = sourcecode.c.objc; path = YALOrderViewController.m; sourceTree = "<group>"; };
		1C3FB0321BDA594300812EEC /* YALPaymentViewController.h */ = {isa = PBXFileReference; fileEncoding = 4; lastKnownFileType = sourcecode.c.h; path = YALPaymentViewController.h; sourceTree = "<group>"; };
		1C3FB0331BDA594300812EEC /* YALPaymentViewController.m */ = {isa = PBXFileReference; fileEncoding = 4; lastKnownFileType = sourcecode.c.objc; path = YALPaymentViewController.m; sourceTree = "<group>"; };
		1C3FB0391BDA8B3700812EEC /* YALEditProfileConfigurator.h */ = {isa = PBXFileReference; fileEncoding = 4; lastKnownFileType = sourcecode.c.h; path = YALEditProfileConfigurator.h; sourceTree = "<group>"; };
		1C3FB03A1BDA8B3700812EEC /* YALEditProfileConfigurator.m */ = {isa = PBXFileReference; fileEncoding = 4; lastKnownFileType = sourcecode.c.objc; path = YALEditProfileConfigurator.m; sourceTree = "<group>"; };
		1C3FB03F1BDA8B4F00812EEC /* YALOrderConfigurator.h */ = {isa = PBXFileReference; fileEncoding = 4; lastKnownFileType = sourcecode.c.h; path = YALOrderConfigurator.h; sourceTree = "<group>"; };
		1C3FB0401BDA8B4F00812EEC /* YALOrderConfigurator.m */ = {isa = PBXFileReference; fileEncoding = 4; lastKnownFileType = sourcecode.c.objc; path = YALOrderConfigurator.m; sourceTree = "<group>"; };
		1C3FB0421BDA8B5700812EEC /* YALPaymentConfigurator.h */ = {isa = PBXFileReference; fileEncoding = 4; lastKnownFileType = sourcecode.c.h; path = YALPaymentConfigurator.h; sourceTree = "<group>"; };
		1C3FB0431BDA8B5700812EEC /* YALPaymentConfigurator.m */ = {isa = PBXFileReference; fileEncoding = 4; lastKnownFileType = sourcecode.c.objc; path = YALPaymentConfigurator.m; sourceTree = "<group>"; };
		1C510D561BDE685900EF4FC4 /* YALUser.h */ = {isa = PBXFileReference; fileEncoding = 4; lastKnownFileType = sourcecode.c.h; path = YALUser.h; sourceTree = "<group>"; };
		1C510D571BDE685900EF4FC4 /* YALUser.m */ = {isa = PBXFileReference; fileEncoding = 4; lastKnownFileType = sourcecode.c.objc; path = YALUser.m; sourceTree = "<group>"; };
		1C510D591BDE76EE00EF4FC4 /* YALEditProfileField.h */ = {isa = PBXFileReference; fileEncoding = 4; lastKnownFileType = sourcecode.c.h; path = YALEditProfileField.h; sourceTree = "<group>"; };
		1C510D5A1BDE76EE00EF4FC4 /* YALEditProfileField.m */ = {isa = PBXFileReference; fileEncoding = 4; lastKnownFileType = sourcecode.c.objc; path = YALEditProfileField.m; sourceTree = "<group>"; };
		1C510D5D1BDE993100EF4FC4 /* YALCustomResponder.h */ = {isa = PBXFileReference; fileEncoding = 4; lastKnownFileType = sourcecode.c.h; path = YALCustomResponder.h; sourceTree = "<group>"; };
		1C510D5E1BDE993100EF4FC4 /* YALCustomResponder.m */ = {isa = PBXFileReference; fileEncoding = 4; lastKnownFileType = sourcecode.c.objc; path = YALCustomResponder.m; sourceTree = "<group>"; };
		1C54A6F81BD92FD600F64FB6 /* YALProfileForm.h */ = {isa = PBXFileReference; fileEncoding = 4; lastKnownFileType = sourcecode.c.h; path = YALProfileForm.h; sourceTree = "<group>"; };
		1C54A6F91BD92FD600F64FB6 /* YALProfileForm.m */ = {isa = PBXFileReference; fileEncoding = 4; lastKnownFileType = sourcecode.c.objc; path = YALProfileForm.m; sourceTree = "<group>"; };
		1C54A6FB1BD92FF500F64FB6 /* YALEditProfileForm.h */ = {isa = PBXFileReference; fileEncoding = 4; lastKnownFileType = sourcecode.c.h; path = YALEditProfileForm.h; sourceTree = "<group>"; };
		1C54A6FC1BD92FF500F64FB6 /* YALEditProfileForm.m */ = {isa = PBXFileReference; fileEncoding = 4; lastKnownFileType = sourcecode.c.objc; path = YALEditProfileForm.m; sourceTree = "<group>"; };
		1C54A6FE1BD9300300F64FB6 /* YALOrderForm.h */ = {isa = PBXFileReference; fileEncoding = 4; lastKnownFileType = sourcecode.c.h; path = YALOrderForm.h; sourceTree = "<group>"; };
		1C54A6FF1BD9300300F64FB6 /* YALOrderForm.m */ = {isa = PBXFileReference; fileEncoding = 4; lastKnownFileType = sourcecode.c.objc; path = YALOrderForm.m; sourceTree = "<group>"; };
		1C54A7011BD9300E00F64FB6 /* YALPaymentForm.h */ = {isa = PBXFileReference; fileEncoding = 4; lastKnownFileType = sourcecode.c.h; path = YALPaymentForm.h; sourceTree = "<group>"; };
		1C54A7021BD9300E00F64FB6 /* YALPaymentForm.m */ = {isa = PBXFileReference; fileEncoding = 4; lastKnownFileType = sourcecode.c.objc; path = YALPaymentForm.m; sourceTree = "<group>"; };
		1C8E3A4E1BE3C9CF0009A4DA /* YALExampleValidatingSupplementaryView.h */ = {isa = PBXFileReference; fileEncoding = 4; lastKnownFileType = sourcecode.c.h; path = YALExampleValidatingSupplementaryView.h; sourceTree = "<group>"; };
		1C8E3A4F1BE3C9CF0009A4DA /* YALExampleValidatingSupplementaryView.m */ = {isa = PBXFileReference; fileEncoding = 4; lastKnownFileType = sourcecode.c.objc; path = YALExampleValidatingSupplementaryView.m; sourceTree = "<group>"; };
		1C9A412F1BE00686009D1B6A /* YALExpirationDateFormatter.h */ = {isa = PBXFileReference; fileEncoding = 4; lastKnownFileType = sourcecode.c.h; path = YALExpirationDateFormatter.h; sourceTree = "<group>"; };
		1C9A41301BE00686009D1B6A /* YALExpirationDateFormatter.m */ = {isa = PBXFileReference; fileEncoding = 4; lastKnownFileType = sourcecode.c.objc; path = YALExpirationDateFormatter.m; sourceTree = "<group>"; };
		1CAA73A71BD0FFF100D0C21E /* YALAppDelegate.h */ = {isa = PBXFileReference; fileEncoding = 4; lastKnownFileType = sourcecode.c.h; path = YALAppDelegate.h; sourceTree = "<group>"; };
		1CAA73A81BD0FFF100D0C21E /* YALAppDelegate.m */ = {isa = PBXFileReference; fileEncoding = 4; lastKnownFileType = sourcecode.c.objc; path = YALAppDelegate.m; sourceTree = "<group>"; };
		1CAA73B61BD1000400D0C21E /* Images.xcassets */ = {isa = PBXFileReference; lastKnownFileType = folder.assetcatalog; path = Images.xcassets; sourceTree = "<group>"; };
		1CAA73BA1BD1005000D0C21E /* YALBaseViewController.h */ = {isa = PBXFileReference; fileEncoding = 4; lastKnownFileType = sourcecode.c.h; path = YALBaseViewController.h; sourceTree = "<group>"; };
		1CAA73BB1BD1005000D0C21E /* YALBaseViewController.m */ = {isa = PBXFileReference; fileEncoding = 4; lastKnownFileType = sourcecode.c.objc; path = YALBaseViewController.m; sourceTree = "<group>"; };
		1CAA73BE1BD1013C00D0C21E /* YALRegistrationViewController.h */ = {isa = PBXFileReference; fileEncoding = 4; lastKnownFileType = sourcecode.c.h; path = YALRegistrationViewController.h; sourceTree = "<group>"; };
		1CAA73BF1BD1013C00D0C21E /* YALRegistrationViewController.m */ = {isa = PBXFileReference; fileEncoding = 4; lastKnownFileType = sourcecode.c.objc; path = YALRegistrationViewController.m; sourceTree = "<group>"; };
		1CC726C61BE253A00043C681 /* YALOrderField+YALPrivate.h */ = {isa = PBXFileReference; lastKnownFileType = sourcecode.c.h; path = "YALOrderField+YALPrivate.h"; sourceTree = "<group>"; };
		1CC726C81BE26D2E0043C681 /* YALOrderStepperSupplementaryView.h */ = {isa = PBXFileReference; fileEncoding = 4; lastKnownFileType = sourcecode.c.h; path = YALOrderStepperSupplementaryView.h; sourceTree = "<group>"; };
		1CC726C91BE26D2E0043C681 /* YALOrderStepperSupplementaryView.m */ = {isa = PBXFileReference; fileEncoding = 4; lastKnownFileType = sourcecode.c.objc; path = YALOrderStepperSupplementaryView.m; sourceTree = "<group>"; };
		1CD269231BD7E8C000EA9B0E /* Launch Screen.storyboard */ = {isa = PBXFileReference; fileEncoding = 4; lastKnownFileType = file.storyboard; path = "Launch Screen.storyboard"; sourceTree = "<group>"; };
		1CD269251BD7E8C000EA9B0E /* Main.storyboard */ = {isa = PBXFileReference; fileEncoding = 4; lastKnownFileType = file.storyboard; path = Main.storyboard; sourceTree = "<group>"; };
		1CD2692F1BD7E95300EA9B0E /* YALCreditCardCvvValidator.h */ = {isa = PBXFileReference; fileEncoding = 4; lastKnownFileType = sourcecode.c.h; path = YALCreditCardCvvValidator.h; sourceTree = "<group>"; };
		1CD269301BD7E95300EA9B0E /* YALCreditCardCvvValidator.m */ = {isa = PBXFileReference; fileEncoding = 4; lastKnownFileType = sourcecode.c.objc; path = YALCreditCardCvvValidator.m; sourceTree = "<group>"; };
		1CD269321BD7E95300EA9B0E /* YALEmailValidator.h */ = {isa = PBXFileReference; fileEncoding = 4; lastKnownFileType = sourcecode.c.h; path = YALEmailValidator.h; sourceTree = "<group>"; };
		1CD269331BD7E95300EA9B0E /* YALEmailValidator.m */ = {isa = PBXFileReference; fileEncoding = 4; lastKnownFileType = sourcecode.c.objc; path = YALEmailValidator.m; sourceTree = "<group>"; };
		1CD269351BD7E95300EA9B0E /* YALPasswordValidator.h */ = {isa = PBXFileReference; fileEncoding = 4; lastKnownFileType = sourcecode.c.h; path = YALPasswordValidator.h; sourceTree = "<group>"; };
		1CD269361BD7E95300EA9B0E /* YALPasswordValidator.m */ = {isa = PBXFileReference; fileEncoding = 4; lastKnownFileType = sourcecode.c.objc; path = YALPasswordValidator.m; sourceTree = "<group>"; };
		1CD269381BD7E95300EA9B0E /* YALPhoneNumberValidator.h */ = {isa = PBXFileReference; fileEncoding = 4; lastKnownFileType = sourcecode.c.h; path = YALPhoneNumberValidator.h; sourceTree = "<group>"; };
		1CD269391BD7E95300EA9B0E /* YALPhoneNumberValidator.m */ = {isa = PBXFileReference; fileEncoding = 4; lastKnownFileType = sourcecode.c.objc; path = YALPhoneNumberValidator.m; sourceTree = "<group>"; };
		1CD269401BD7EF0100EA9B0E /* YALCreditCardNumberFormatter.h */ = {isa = PBXFileReference; fileEncoding = 4; lastKnownFileType = sourcecode.c.h; path = YALCreditCardNumberFormatter.h; sourceTree = "<group>"; };
		1CD269411BD7EF0100EA9B0E /* YALCreditCardNumberFormatter.m */ = {isa = PBXFileReference; fileEncoding = 4; lastKnownFileType = sourcecode.c.objc; path = YALCreditCardNumberFormatter.m; sourceTree = "<group>"; };
		1CD269441BD7EF1D00EA9B0E /* YALPhoneNumberFormatter.h */ = {isa = PBXFileReference; fileEncoding = 4; lastKnownFileType = sourcecode.c.h; path = YALPhoneNumberFormatter.h; sourceTree = "<group>"; };
		1CD269451BD7EF1D00EA9B0E /* YALPhoneNumberFormatter.m */ = {isa = PBXFileReference; fileEncoding = 4; lastKnownFileType = sourcecode.c.objc; path = YALPhoneNumberFormatter.m; sourceTree = "<group>"; };
		1CD269491BD7F25F00EA9B0E /* YALExampleErrorsProvider.h */ = {isa = PBXFileReference; fileEncoding = 4; lastKnownFileType = sourcecode.c.h; path = YALExampleErrorsProvider.h; sourceTree = "<group>"; };
		1CD2694A1BD7F25F00EA9B0E /* YALExampleErrorsProvider.m */ = {isa = PBXFileReference; fileEncoding = 4; lastKnownFileType = sourcecode.c.objc; path = YALExampleErrorsProvider.m; sourceTree = "<group>"; };
		1CE36BC71BDB9950004A22ED /* YALRegistrationField.h */ = {isa = PBXFileReference; fileEncoding = 4; lastKnownFileType = sourcecode.c.h; path = YALRegistrationField.h; sourceTree = "<group>"; };
		1CE36BC81BDB9950004A22ED /* YALRegistrationField.m */ = {isa = PBXFileReference; fileEncoding = 4; lastKnownFileType = sourcecode.c.objc; path = YALRegistrationField.m; sourceTree = "<group>"; };
		1CE648441BDF910100EAFFDA /* YALBirthDateFormatter.h */ = {isa = PBXFileReference; fileEncoding = 4; lastKnownFileType = sourcecode.c.h; path = YALBirthDateFormatter.h; sourceTree = "<group>"; };
		1CE648451BDF910100EAFFDA /* YALBirthDateFormatter.m */ = {isa = PBXFileReference; fileEncoding = 4; lastKnownFileType = sourcecode.c.objc; path = YALBirthDateFormatter.m; sourceTree = "<group>"; };
		1CF1799D1BD6B3AA00FF80BA /* YALRegistrationForm.h */ = {isa = PBXFileReference; fileEncoding = 4; lastKnownFileType = sourcecode.c.h; path = YALRegistrationForm.h; sourceTree = "<group>"; };
		1CF1799E1BD6B3AA00FF80BA /* YALRegistrationForm.m */ = {isa = PBXFileReference; fileEncoding = 4; lastKnownFileType = sourcecode.c.objc; path = YALRegistrationForm.m; sourceTree = "<group>"; };
		1CF179A31BD6B3E700FF80BA /* YALLoginConfigurator.h */ = {isa = PBXFileReference; fileEncoding = 4; lastKnownFileType = sourcecode.c.h; path = YALLoginConfigurator.h; sourceTree = "<group>"; };
		1CF179A41BD6B3E700FF80BA /* YALLoginConfigurator.m */ = {isa = PBXFileReference; fileEncoding = 4; lastKnownFileType = sourcecode.c.objc; path = YALLoginConfigurator.m; sourceTree = "<group>"; };
		1CF179A61BD6B3F400FF80BA /* YALRegistrationConfigurator.h */ = {isa = PBXFileReference; fileEncoding = 4; lastKnownFileType = sourcecode.c.h; path = YALRegistrationConfigurator.h; sourceTree = "<group>"; };
		1CF179A71BD6B3F400FF80BA /* YALRegistrationConfigurator.m */ = {isa = PBXFileReference; fileEncoding = 4; lastKnownFileType = sourcecode.c.objc; path = YALRegistrationConfigurator.m; sourceTree = "<group>"; };
		1CF912B21BDC5B0F001CBB21 /* YALLoginField.h */ = {isa = PBXFileReference; fileEncoding = 4; lastKnownFileType = sourcecode.c.h; path = YALLoginField.h; sourceTree = "<group>"; };
		1CF912B31BDC5B0F001CBB21 /* YALLoginField.m */ = {isa = PBXFileReference; fileEncoding = 4; lastKnownFileType = sourcecode.c.objc; path = YALLoginField.m; sourceTree = "<group>"; };
		2725364A31BC0762C06C3A9B /* Pods-YALField_Example.release.xcconfig */ = {isa = PBXFileReference; includeInIndex = 1; lastKnownFileType = text.xcconfig; name = "Pods-YALField_Example.release.xcconfig"; path = "Pods/Target Support Files/Pods-YALField_Example/Pods-YALField_Example.release.xcconfig"; sourceTree = "<group>"; };
		3919D635D5F1F7C397BA22B5 /* Pods_YALField_Tests.framework */ = {isa = PBXFileReference; explicitFileType = wrapper.framework; includeInIndex = 0; path = Pods_YALField_Tests.framework; sourceTree = BUILT_PRODUCTS_DIR; };
		52AF6340499C32A709578296 /* Pods_YALField_Example.framework */ = {isa = PBXFileReference; explicitFileType = wrapper.framework; includeInIndex = 0; path = Pods_YALField_Example.framework; sourceTree = BUILT_PRODUCTS_DIR; };
		52ECD9727F7B039FFB82FBA3 /* YALField.podspec */ = {isa = PBXFileReference; includeInIndex = 1; lastKnownFileType = text; name = YALField.podspec; path = ../YALField.podspec; sourceTree = "<group>"; };
		6003F58A195388D20070C39A /* YALField_Example.app */ = {isa = PBXFileReference; explicitFileType = wrapper.application; includeInIndex = 0; path = YALField_Example.app; sourceTree = BUILT_PRODUCTS_DIR; };
		6003F58D195388D20070C39A /* Foundation.framework */ = {isa = PBXFileReference; lastKnownFileType = wrapper.framework; name = Foundation.framework; path = System/Library/Frameworks/Foundation.framework; sourceTree = SDKROOT; };
		6003F58F195388D20070C39A /* CoreGraphics.framework */ = {isa = PBXFileReference; lastKnownFileType = wrapper.framework; name = CoreGraphics.framework; path = System/Library/Frameworks/CoreGraphics.framework; sourceTree = SDKROOT; };
		6003F591195388D20070C39A /* UIKit.framework */ = {isa = PBXFileReference; lastKnownFileType = wrapper.framework; name = UIKit.framework; path = System/Library/Frameworks/UIKit.framework; sourceTree = SDKROOT; };
		6003F595195388D20070C39A /* YALField-Info.plist */ = {isa = PBXFileReference; lastKnownFileType = text.plist.xml; path = "YALField-Info.plist"; sourceTree = "<group>"; };
		6003F597195388D20070C39A /* en */ = {isa = PBXFileReference; lastKnownFileType = text.plist.strings; name = en; path = en.lproj/InfoPlist.strings; sourceTree = "<group>"; };
		6003F599195388D20070C39A /* main.m */ = {isa = PBXFileReference; lastKnownFileType = sourcecode.c.objc; path = main.m; sourceTree = "<group>"; };
		6003F59B195388D20070C39A /* YALField-Prefix.pch */ = {isa = PBXFileReference; lastKnownFileType = sourcecode.c.h; path = "YALField-Prefix.pch"; sourceTree = "<group>"; };
		6003F5AE195388D20070C39A /* YALField_Tests.xctest */ = {isa = PBXFileReference; explicitFileType = wrapper.cfbundle; includeInIndex = 0; path = YALField_Tests.xctest; sourceTree = BUILT_PRODUCTS_DIR; };
		6003F5AF195388D20070C39A /* XCTest.framework */ = {isa = PBXFileReference; lastKnownFileType = wrapper.framework; name = XCTest.framework; path = Library/Frameworks/XCTest.framework; sourceTree = DEVELOPER_DIR; };
		6003F5B7195388D20070C39A /* Tests-Info.plist */ = {isa = PBXFileReference; lastKnownFileType = text.plist.xml; path = "Tests-Info.plist"; sourceTree = "<group>"; };
		6003F5B9195388D20070C39A /* en */ = {isa = PBXFileReference; lastKnownFileType = text.plist.strings; name = en; path = en.lproj/InfoPlist.strings; sourceTree = "<group>"; };
		6003F5BB195388D20070C39A /* Tests.m */ = {isa = PBXFileReference; lastKnownFileType = sourcecode.c.objc; path = Tests.m; sourceTree = "<group>"; };
		606FC2411953D9B200FFA9A0 /* Tests-Prefix.pch */ = {isa = PBXFileReference; lastKnownFileType = sourcecode.c.h; path = "Tests-Prefix.pch"; sourceTree = "<group>"; };
		68C037204D7529AC8645E47E /* Pods-YALField_Tests.debug.xcconfig */ = {isa = PBXFileReference; includeInIndex = 1; lastKnownFileType = text.xcconfig; name = "Pods-YALField_Tests.debug.xcconfig"; path = "Pods/Target Support Files/Pods-YALField_Tests/Pods-YALField_Tests.debug.xcconfig"; sourceTree = "<group>"; };
		9299BB3F7CE8A9B836256C74 /* LICENSE */ = {isa = PBXFileReference; includeInIndex = 1; lastKnownFileType = text; name = LICENSE; path = ../LICENSE; sourceTree = "<group>"; };
		CAC3960C2CCE902C0FAD766E /* Pods-YALField_Tests.release.xcconfig */ = {isa = PBXFileReference; includeInIndex = 1; lastKnownFileType = text.xcconfig; name = "Pods-YALField_Tests.release.xcconfig"; path = "Pods/Target Support Files/Pods-YALField_Tests/Pods-YALField_Tests.release.xcconfig"; sourceTree = "<group>"; };
		D988F04134CDD57479F93AAA /* README.md */ = {isa = PBXFileReference; includeInIndex = 1; lastKnownFileType = net.daringfireball.markdown; name = README.md; path = ../README.md; sourceTree = "<group>"; };
		F7F55C86FA7959F5A315D986 /* Pods-YALField_Example.debug.xcconfig */ = {isa = PBXFileReference; includeInIndex = 1; lastKnownFileType = text.xcconfig; name = "Pods-YALField_Example.debug.xcconfig"; path = "Pods/Target Support Files/Pods-YALField_Example/Pods-YALField_Example.debug.xcconfig"; sourceTree = "<group>"; };
/* End PBXFileReference section */

/* Begin PBXFrameworksBuildPhase section */
		6003F587195388D20070C39A /* Frameworks */ = {
			isa = PBXFrameworksBuildPhase;
			buildActionMask = 2147483647;
			files = (
				6003F590195388D20070C39A /* CoreGraphics.framework in Frameworks */,
				6003F592195388D20070C39A /* UIKit.framework in Frameworks */,
				6003F58E195388D20070C39A /* Foundation.framework in Frameworks */,
				6C9EBAF983D4ACBAA8EB64A6 /* Pods_YALField_Example.framework in Frameworks */,
			);
			runOnlyForDeploymentPostprocessing = 0;
		};
		6003F5AB195388D20070C39A /* Frameworks */ = {
			isa = PBXFrameworksBuildPhase;
			buildActionMask = 2147483647;
			files = (
				6003F5B0195388D20070C39A /* XCTest.framework in Frameworks */,
				6003F5B2195388D20070C39A /* UIKit.framework in Frameworks */,
				6003F5B1195388D20070C39A /* Foundation.framework in Frameworks */,
				CDE38B66CCE4EF2F591254D2 /* Pods_YALField_Tests.framework in Frameworks */,
			);
			runOnlyForDeploymentPostprocessing = 0;
		};
/* End PBXFrameworksBuildPhase section */

/* Begin PBXGroup section */
		1C2869491BD16D8900145D38 /* Models */ = {
			isa = PBXGroup;
			children = (
				1C510D551BDE684E00EF4FC4 /* User */,
				1C28694A1BD16D8900145D38 /* Forms */,
			);
			path = Models;
			sourceTree = "<group>";
		};
		1C28694A1BD16D8900145D38 /* Forms */ = {
			isa = PBXGroup;
			children = (
				1CF1799C1BD6B3AA00FF80BA /* Registration */,
				1C28694B1BD16D8900145D38 /* Login */,
				1C54A6F41BD92FAB00F64FB6 /* EditProfile */,
				1C54A6F31BD92F9C00F64FB6 /* Profile */,
				1C54A6F51BD92FB200F64FB6 /* Order */,
				1C54A6F71BD92FC800F64FB6 /* Payment */,
			);
			path = Forms;
			sourceTree = "<group>";
		};
		1C28694B1BD16D8900145D38 /* Login */ = {
			isa = PBXGroup;
			children = (
				1C28694C1BD16D9A00145D38 /* YALLoginForm.h */,
				1C28694D1BD16D9A00145D38 /* YALLoginForm.m */,
			);
			path = Login;
			sourceTree = "<group>";
		};
		1C39E8291BDFA3930099BEEA /* SupplementaryViews */ = {
			isa = PBXGroup;
			children = (
				1C8E3A4D1BE3C9C20009A4DA /* ExampleValidating */,
				1CC726C71BE26D1A0043C681 /* OrderStepper */,
				1C39E8351BDFAAB60099BEEA /* Stepper */,
			);
			path = SupplementaryViews;
			sourceTree = "<group>";
		};
		1C39E8351BDFAAB60099BEEA /* Stepper */ = {
			isa = PBXGroup;
			children = (
				1C39E8361BDFAACF0099BEEA /* YALStepperSupplementaryView.h */,
				1C39E8371BDFAACF0099BEEA /* YALStepperSupplementaryView.m */,
			);
			path = Stepper;
			sourceTree = "<group>";
		};
		1C39E8391BDFAD5A0099BEEA /* DateNonEmpty */ = {
			isa = PBXGroup;
			children = (
				1C39E83A1BDFAD680099BEEA /* YALDateNonEmptyValidator.h */,
				1C39E83B1BDFAD680099BEEA /* YALDateNonEmptyValidator.m */,
			);
			path = DateNonEmpty;
			sourceTree = "<group>";
		};
		1C39E83D1BDFADF10099BEEA /* DeliveryTime */ = {
			isa = PBXGroup;
			children = (
				1C39E83E1BDFADFB0099BEEA /* YALDeliveryTimeFormatter.h */,
				1C39E83F1BDFADFB0099BEEA /* YALDeliveryTimeFormatter.m */,
			);
			path = DeliveryTime;
			sourceTree = "<group>";
		};
		1C39E8451BDFC4450099BEEA /* AlwaysValid */ = {
			isa = PBXGroup;
			children = (
				1C39E8461BDFC4560099BEEA /* YALAlwaysValidValidator.h */,
				1C39E8471BDFC4560099BEEA /* YALAlwaysValidValidator.m */,
			);
			path = AlwaysValid;
			sourceTree = "<group>";
		};
		1C39E84C1BDFD9340099BEEA /* Categories */ = {
			isa = PBXGroup;
			children = (
				1C39E84D1BDFD9340099BEEA /* UIColor */,
				1C39E84E1BDFD9340099BEEA /* UIImage */,
			);
			path = Categories;
			sourceTree = "<group>";
		};
		1C39E84D1BDFD9340099BEEA /* UIColor */ = {
			isa = PBXGroup;
			children = (
				1C39E84F1BDFD9450099BEEA /* UIColor+YALExampleColors.h */,
				1C39E8501BDFD9450099BEEA /* UIColor+YALExampleColors.m */,
			);
			path = UIColor;
			sourceTree = "<group>";
		};
		1C39E84E1BDFD9340099BEEA /* UIImage */ = {
			isa = PBXGroup;
			children = (
				1C39E8521BDFD9510099BEEA /* UIImage+YALExampleImages.h */,
				1C39E8531BDFD9510099BEEA /* UIImage+YALExampleImages.m */,
			);
			path = UIImage;
			sourceTree = "<group>";
		};
		1C39E8551BDFDE720099BEEA /* Payment */ = {
			isa = PBXGroup;
			children = (
				1C39E8561BDFDE720099BEEA /* YALPaymentField.h */,
				1C39E8571BDFDE720099BEEA /* YALPaymentField.m */,
			);
			path = Payment;
			sourceTree = "<group>";
		};
		1C3FB0351BDA8B0F00812EEC /* EditProfile */ = {
			isa = PBXGroup;
			children = (
				1C3FB0391BDA8B3700812EEC /* YALEditProfileConfigurator.h */,
				1C3FB03A1BDA8B3700812EEC /* YALEditProfileConfigurator.m */,
			);
			path = EditProfile;
			sourceTree = "<group>";
		};
		1C3FB0361BDA8B0F00812EEC /* Order */ = {
			isa = PBXGroup;
			children = (
				1C3FB03F1BDA8B4F00812EEC /* YALOrderConfigurator.h */,
				1C3FB0401BDA8B4F00812EEC /* YALOrderConfigurator.m */,
			);
			path = Order;
			sourceTree = "<group>";
		};
		1C3FB0371BDA8B0F00812EEC /* Payment */ = {
			isa = PBXGroup;
			children = (
				1C3FB0421BDA8B5700812EEC /* YALPaymentConfigurator.h */,
				1C3FB0431BDA8B5700812EEC /* YALPaymentConfigurator.m */,
			);
			path = Payment;
			sourceTree = "<group>";
		};
		1C510D551BDE684E00EF4FC4 /* User */ = {
			isa = PBXGroup;
			children = (
				1C510D561BDE685900EF4FC4 /* YALUser.h */,
				1C510D571BDE685900EF4FC4 /* YALUser.m */,
			);
			path = User;
			sourceTree = "<group>";
		};
		1C510D5C1BDE992700EF4FC4 /* CustomResponder */ = {
			isa = PBXGroup;
			children = (
				1C510D5D1BDE993100EF4FC4 /* YALCustomResponder.h */,
				1C510D5E1BDE993100EF4FC4 /* YALCustomResponder.m */,
			);
			path = CustomResponder;
			sourceTree = "<group>";
		};
		1C54A6F01BD92F7A00F64FB6 /* Profile */ = {
			isa = PBXGroup;
			children = (
				1C3FB0291BDA592300812EEC /* YALProfileViewController.h */,
				1C3FB02A1BDA592300812EEC /* YALProfileViewController.m */,
			);
			path = Profile;
			sourceTree = "<group>";
		};
		1C54A6F11BD92F8700F64FB6 /* EditProfile */ = {
			isa = PBXGroup;
			children = (
				1C3FB02C1BDA593100812EEC /* YALEditProfileViewController.h */,
				1C3FB02D1BDA593100812EEC /* YALEditProfileViewController.m */,
			);
			path = EditProfile;
			sourceTree = "<group>";
		};
		1C54A6F21BD92F8F00F64FB6 /* Order */ = {
			isa = PBXGroup;
			children = (
				1C3FB02F1BDA593A00812EEC /* YALOrderViewController.h */,
				1C3FB0301BDA593A00812EEC /* YALOrderViewController.m */,
			);
			path = Order;
			sourceTree = "<group>";
		};
		1C54A6F31BD92F9C00F64FB6 /* Profile */ = {
			isa = PBXGroup;
			children = (
				1C54A6F81BD92FD600F64FB6 /* YALProfileForm.h */,
				1C54A6F91BD92FD600F64FB6 /* YALProfileForm.m */,
			);
			path = Profile;
			sourceTree = "<group>";
		};
		1C54A6F41BD92FAB00F64FB6 /* EditProfile */ = {
			isa = PBXGroup;
			children = (
				1C54A6FB1BD92FF500F64FB6 /* YALEditProfileForm.h */,
				1C54A6FC1BD92FF500F64FB6 /* YALEditProfileForm.m */,
			);
			path = EditProfile;
			sourceTree = "<group>";
		};
		1C54A6F51BD92FB200F64FB6 /* Order */ = {
			isa = PBXGroup;
			children = (
				1C54A6FE1BD9300300F64FB6 /* YALOrderForm.h */,
				1C54A6FF1BD9300300F64FB6 /* YALOrderForm.m */,
			);
			path = Order;
			sourceTree = "<group>";
		};
		1C54A6F61BD92FBD00F64FB6 /* Payment */ = {
			isa = PBXGroup;
			children = (
				1C3FB0321BDA594300812EEC /* YALPaymentViewController.h */,
				1C3FB0331BDA594300812EEC /* YALPaymentViewController.m */,
			);
			path = Payment;
			sourceTree = "<group>";
		};
		1C54A6F71BD92FC800F64FB6 /* Payment */ = {
			isa = PBXGroup;
			children = (
				1C54A7011BD9300E00F64FB6 /* YALPaymentForm.h */,
				1C54A7021BD9300E00F64FB6 /* YALPaymentForm.m */,
			);
			path = Payment;
			sourceTree = "<group>";
		};
		1C8E3A4D1BE3C9C20009A4DA /* ExampleValidating */ = {
			isa = PBXGroup;
			children = (
				1C8E3A4E1BE3C9CF0009A4DA /* YALExampleValidatingSupplementaryView.h */,
				1C8E3A4F1BE3C9CF0009A4DA /* YALExampleValidatingSupplementaryView.m */,
			);
			path = ExampleValidating;
			sourceTree = "<group>";
		};
		1C9A412E1BE00679009D1B6A /* ExpirationDate */ = {
			isa = PBXGroup;
			children = (
				1C9A412F1BE00686009D1B6A /* YALExpirationDateFormatter.h */,
				1C9A41301BE00686009D1B6A /* YALExpirationDateFormatter.m */,
			);
			path = ExpirationDate;
			sourceTree = "<group>";
		};
		1CAA73A61BD0FFF100D0C21E /* AppDelegate */ = {
			isa = PBXGroup;
			children = (
				1CAA73A71BD0FFF100D0C21E /* YALAppDelegate.h */,
				1CAA73A81BD0FFF100D0C21E /* YALAppDelegate.m */,
			);
			path = AppDelegate;
			sourceTree = "<group>";
		};
		1CAA73AA1BD0FFF700D0C21E /* Controller */ = {
			isa = PBXGroup;
			children = (
				1CAA73B81BD1003D00D0C21E /* Common */,
				1CAA73BD1BD100C500D0C21E /* Registration */,
				1CAA73AB1BD0FFF700D0C21E /* Login */,
				1C54A6F11BD92F8700F64FB6 /* EditProfile */,
				1C54A6F01BD92F7A00F64FB6 /* Profile */,
				1C54A6F21BD92F8F00F64FB6 /* Order */,
				1C54A6F61BD92FBD00F64FB6 /* Payment */,
			);
			path = Controller;
			sourceTree = "<group>";
		};
		1CAA73AB1BD0FFF700D0C21E /* Login */ = {
			isa = PBXGroup;
			children = (
				1C28692A1BD1072D00145D38 /* YALLoginViewController.h */,
				1C28692B1BD1072D00145D38 /* YALLoginViewController.m */,
			);
			path = Login;
			sourceTree = "<group>";
		};
		1CAA73AF1BD0FFFD00D0C21E /* Views */ = {
			isa = PBXGroup;
			children = (
				1CAA73B01BD0FFFD00D0C21E /* Storyboards */,
				1CE36BBF1BDB9915004A22ED /* Views */,
			);
			path = Views;
			sourceTree = "<group>";
		};
		1CAA73B01BD0FFFD00D0C21E /* Storyboards */ = {
			isa = PBXGroup;
			children = (
				1CD269241BD7E8C000EA9B0E /* Main */,
				1CD269221BD7E8C000EA9B0E /* Launch Screen */,
			);
			path = Storyboards;
			sourceTree = "<group>";
		};
		1CAA73B51BD1000400D0C21E /* Resources */ = {
			isa = PBXGroup;
			children = (
				1CAA73B61BD1000400D0C21E /* Images.xcassets */,
			);
			path = Resources;
			sourceTree = "<group>";
		};
		1CAA73B81BD1003D00D0C21E /* Common */ = {
			isa = PBXGroup;
			children = (
				1CAA73B91BD1003D00D0C21E /* Base */,
			);
			path = Common;
			sourceTree = "<group>";
		};
		1CAA73B91BD1003D00D0C21E /* Base */ = {
			isa = PBXGroup;
			children = (
				1CAA73BA1BD1005000D0C21E /* YALBaseViewController.h */,
				1CAA73BB1BD1005000D0C21E /* YALBaseViewController.m */,
			);
			path = Base;
			sourceTree = "<group>";
		};
		1CAA73BD1BD100C500D0C21E /* Registration */ = {
			isa = PBXGroup;
			children = (
				1CAA73BE1BD1013C00D0C21E /* YALRegistrationViewController.h */,
				1CAA73BF1BD1013C00D0C21E /* YALRegistrationViewController.m */,
			);
			path = Registration;
			sourceTree = "<group>";
		};
		1CAA73C11BD102BC00D0C21E /* Logic */ = {
			isa = PBXGroup;
			children = (
				1C39E84C1BDFD9340099BEEA /* Categories */,
				1CD269471BD7F25100EA9B0E /* Helpers */,
				1CF179A01BD6B3C600FF80BA /* Configurators */,
				1C2869491BD16D8900145D38 /* Models */,
				1CD269281BD7E94800EA9B0E /* Formatters */,
				1CD2692D1BD7E95300EA9B0E /* Validators */,
			);
			path = Logic;
			sourceTree = "<group>";
		};
		1CC726C71BE26D1A0043C681 /* OrderStepper */ = {
			isa = PBXGroup;
			children = (
				1CC726C81BE26D2E0043C681 /* YALOrderStepperSupplementaryView.h */,
				1CC726C91BE26D2E0043C681 /* YALOrderStepperSupplementaryView.m */,
			);
			path = OrderStepper;
			sourceTree = "<group>";
		};
		1CD269221BD7E8C000EA9B0E /* Launch Screen */ = {
			isa = PBXGroup;
			children = (
				1CD269231BD7E8C000EA9B0E /* Launch Screen.storyboard */,
			);
			path = "Launch Screen";
			sourceTree = "<group>";
		};
		1CD269241BD7E8C000EA9B0E /* Main */ = {
			isa = PBXGroup;
			children = (
				1CD269251BD7E8C000EA9B0E /* Main.storyboard */,
			);
			path = Main;
			sourceTree = "<group>";
		};
		1CD269281BD7E94800EA9B0E /* Formatters */ = {
			isa = PBXGroup;
			children = (
				1C9A412E1BE00679009D1B6A /* ExpirationDate */,
				1C39E83D1BDFADF10099BEEA /* DeliveryTime */,
				1CE648431BDF90F800EAFFDA /* BirthDate */,
				1CD2693F1BD7EF0100EA9B0E /* CreditCardNumber */,
				1CD269421BD7EF0100EA9B0E /* PhoneNumber */,
			);
			path = Formatters;
			sourceTree = "<group>";
		};
		1CD2692D1BD7E95300EA9B0E /* Validators */ = {
			isa = PBXGroup;
			children = (
				1C39E8451BDFC4450099BEEA /* AlwaysValid */,
				1C39E8391BDFAD5A0099BEEA /* DateNonEmpty */,
				1CD2692E1BD7E95300EA9B0E /* CreditCardCvv */,
				1CD269311BD7E95300EA9B0E /* Email */,
				1CD269341BD7E95300EA9B0E /* Password */,
				1CD269371BD7E95300EA9B0E /* PhoneNumber */,
			);
			path = Validators;
			sourceTree = "<group>";
		};
		1CD2692E1BD7E95300EA9B0E /* CreditCardCvv */ = {
			isa = PBXGroup;
			children = (
				1CD2692F1BD7E95300EA9B0E /* YALCreditCardCvvValidator.h */,
				1CD269301BD7E95300EA9B0E /* YALCreditCardCvvValidator.m */,
			);
			path = CreditCardCvv;
			sourceTree = "<group>";
		};
		1CD269311BD7E95300EA9B0E /* Email */ = {
			isa = PBXGroup;
			children = (
				1CD269321BD7E95300EA9B0E /* YALEmailValidator.h */,
				1CD269331BD7E95300EA9B0E /* YALEmailValidator.m */,
			);
			path = Email;
			sourceTree = "<group>";
		};
		1CD269341BD7E95300EA9B0E /* Password */ = {
			isa = PBXGroup;
			children = (
				1CD269351BD7E95300EA9B0E /* YALPasswordValidator.h */,
				1CD269361BD7E95300EA9B0E /* YALPasswordValidator.m */,
			);
			path = Password;
			sourceTree = "<group>";
		};
		1CD269371BD7E95300EA9B0E /* PhoneNumber */ = {
			isa = PBXGroup;
			children = (
				1CD269381BD7E95300EA9B0E /* YALPhoneNumberValidator.h */,
				1CD269391BD7E95300EA9B0E /* YALPhoneNumberValidator.m */,
			);
			path = PhoneNumber;
			sourceTree = "<group>";
		};
		1CD2693F1BD7EF0100EA9B0E /* CreditCardNumber */ = {
			isa = PBXGroup;
			children = (
				1CD269401BD7EF0100EA9B0E /* YALCreditCardNumberFormatter.h */,
				1CD269411BD7EF0100EA9B0E /* YALCreditCardNumberFormatter.m */,
			);
			path = CreditCardNumber;
			sourceTree = "<group>";
		};
		1CD269421BD7EF0100EA9B0E /* PhoneNumber */ = {
			isa = PBXGroup;
			children = (
				1CD269441BD7EF1D00EA9B0E /* YALPhoneNumberFormatter.h */,
				1CD269451BD7EF1D00EA9B0E /* YALPhoneNumberFormatter.m */,
			);
			path = PhoneNumber;
			sourceTree = "<group>";
		};
		1CD269471BD7F25100EA9B0E /* Helpers */ = {
			isa = PBXGroup;
			children = (
				1C510D5C1BDE992700EF4FC4 /* CustomResponder */,
				1CD269481BD7F25100EA9B0E /* ErrorsProvider */,
			);
			path = Helpers;
			sourceTree = "<group>";
		};
		1CD269481BD7F25100EA9B0E /* ErrorsProvider */ = {
			isa = PBXGroup;
			children = (
				1CD269491BD7F25F00EA9B0E /* YALExampleErrorsProvider.h */,
				1CD2694A1BD7F25F00EA9B0E /* YALExampleErrorsProvider.m */,
			);
			path = ErrorsProvider;
			sourceTree = "<group>";
		};
		1CE36BBF1BDB9915004A22ED /* Views */ = {
			isa = PBXGroup;
			children = (
				1C39E8291BDFA3930099BEEA /* SupplementaryViews */,
				1CE36BC01BDB9915004A22ED /* Fields */,
			);
			path = Views;
			sourceTree = "<group>";
		};
		1CE36BC01BDB9915004A22ED /* Fields */ = {
			isa = PBXGroup;
			children = (
				1CE36BC61BDB9915004A22ED /* Registration */,
				1CE36BC21BDB9915004A22ED /* Login */,
				1CE36BC11BDB9915004A22ED /* EditProfile */,
				1CE36BC31BDB9915004A22ED /* Order */,
				1C39E8551BDFDE720099BEEA /* Payment */,
			);
			path = Fields;
			sourceTree = "<group>";
		};
		1CE36BC11BDB9915004A22ED /* EditProfile */ = {
			isa = PBXGroup;
			children = (
				1C510D591BDE76EE00EF4FC4 /* YALEditProfileField.h */,
				1C510D5A1BDE76EE00EF4FC4 /* YALEditProfileField.m */,
			);
			path = EditProfile;
			sourceTree = "<group>";
		};
		1CE36BC21BDB9915004A22ED /* Login */ = {
			isa = PBXGroup;
			children = (
				1CF912B21BDC5B0F001CBB21 /* YALLoginField.h */,
				1CF912B31BDC5B0F001CBB21 /* YALLoginField.m */,
			);
			path = Login;
			sourceTree = "<group>";
		};
		1CE36BC31BDB9915004A22ED /* Order */ = {
			isa = PBXGroup;
			children = (
				1C39E8321BDFA75C0099BEEA /* YALOrderField.h */,
				1C39E8331BDFA75C0099BEEA /* YALOrderField.m */,
				1CC726C61BE253A00043C681 /* YALOrderField+YALPrivate.h */,
			);
			path = Order;
			sourceTree = "<group>";
		};
		1CE36BC61BDB9915004A22ED /* Registration */ = {
			isa = PBXGroup;
			children = (
				1CE36BC71BDB9950004A22ED /* YALRegistrationField.h */,
				1CE36BC81BDB9950004A22ED /* YALRegistrationField.m */,
			);
			path = Registration;
			sourceTree = "<group>";
		};
		1CE648431BDF90F800EAFFDA /* BirthDate */ = {
			isa = PBXGroup;
			children = (
				1CE648441BDF910100EAFFDA /* YALBirthDateFormatter.h */,
				1CE648451BDF910100EAFFDA /* YALBirthDateFormatter.m */,
			);
			path = BirthDate;
			sourceTree = "<group>";
		};
		1CF1799C1BD6B3AA00FF80BA /* Registration */ = {
			isa = PBXGroup;
			children = (
				1CF1799D1BD6B3AA00FF80BA /* YALRegistrationForm.h */,
				1CF1799E1BD6B3AA00FF80BA /* YALRegistrationForm.m */,
			);
			path = Registration;
			sourceTree = "<group>";
		};
		1CF179A01BD6B3C600FF80BA /* Configurators */ = {
			isa = PBXGroup;
			children = (
				1CF179A21BD6B3C600FF80BA /* Registration */,
				1CF179A11BD6B3C600FF80BA /* Login */,
				1C3FB0351BDA8B0F00812EEC /* EditProfile */,
				1C3FB0361BDA8B0F00812EEC /* Order */,
				1C3FB0371BDA8B0F00812EEC /* Payment */,
			);
			path = Configurators;
			sourceTree = "<group>";
		};
		1CF179A11BD6B3C600FF80BA /* Login */ = {
			isa = PBXGroup;
			children = (
				1CF179A31BD6B3E700FF80BA /* YALLoginConfigurator.h */,
				1CF179A41BD6B3E700FF80BA /* YALLoginConfigurator.m */,
			);
			path = Login;
			sourceTree = "<group>";
		};
		1CF179A21BD6B3C600FF80BA /* Registration */ = {
			isa = PBXGroup;
			children = (
				1CF179A61BD6B3F400FF80BA /* YALRegistrationConfigurator.h */,
				1CF179A71BD6B3F400FF80BA /* YALRegistrationConfigurator.m */,
			);
			path = Registration;
			sourceTree = "<group>";
		};
		57DB3D6E3EB786C110A2D877 /* Pods */ = {
			isa = PBXGroup;
			children = (
				F7F55C86FA7959F5A315D986 /* Pods-YALField_Example.debug.xcconfig */,
				2725364A31BC0762C06C3A9B /* Pods-YALField_Example.release.xcconfig */,
				68C037204D7529AC8645E47E /* Pods-YALField_Tests.debug.xcconfig */,
				CAC3960C2CCE902C0FAD766E /* Pods-YALField_Tests.release.xcconfig */,
			);
			name = Pods;
			sourceTree = "<group>";
		};
		6003F581195388D10070C39A = {
			isa = PBXGroup;
			children = (
				60FF7A9C1954A5C5007DD14C /* Podspec Metadata */,
				6003F593195388D20070C39A /* Example for YALField */,
				6003F5B5195388D20070C39A /* Tests */,
				6003F58C195388D20070C39A /* Frameworks */,
				6003F58B195388D20070C39A /* Products */,
				57DB3D6E3EB786C110A2D877 /* Pods */,
			);
			sourceTree = "<group>";
		};
		6003F58B195388D20070C39A /* Products */ = {
			isa = PBXGroup;
			children = (
				6003F58A195388D20070C39A /* YALField_Example.app */,
				6003F5AE195388D20070C39A /* YALField_Tests.xctest */,
			);
			name = Products;
			sourceTree = "<group>";
		};
		6003F58C195388D20070C39A /* Frameworks */ = {
			isa = PBXGroup;
			children = (
				6003F58D195388D20070C39A /* Foundation.framework */,
				6003F58F195388D20070C39A /* CoreGraphics.framework */,
				6003F591195388D20070C39A /* UIKit.framework */,
				6003F5AF195388D20070C39A /* XCTest.framework */,
				52AF6340499C32A709578296 /* Pods_YALField_Example.framework */,
				3919D635D5F1F7C397BA22B5 /* Pods_YALField_Tests.framework */,
			);
			name = Frameworks;
			sourceTree = "<group>";
		};
		6003F593195388D20070C39A /* Example for YALField */ = {
			isa = PBXGroup;
			children = (
				1CAA73A61BD0FFF100D0C21E /* AppDelegate */,
				1CAA73AA1BD0FFF700D0C21E /* Controller */,
				1CAA73C11BD102BC00D0C21E /* Logic */,
				1CAA73AF1BD0FFFD00D0C21E /* Views */,
				1CAA73B51BD1000400D0C21E /* Resources */,
				6003F594195388D20070C39A /* Supporting Files */,
			);
			name = "Example for YALField";
			path = YALField;
			sourceTree = "<group>";
		};
		6003F594195388D20070C39A /* Supporting Files */ = {
			isa = PBXGroup;
			children = (
				6003F595195388D20070C39A /* YALField-Info.plist */,
				6003F596195388D20070C39A /* InfoPlist.strings */,
				6003F599195388D20070C39A /* main.m */,
				6003F59B195388D20070C39A /* YALField-Prefix.pch */,
			);
			name = "Supporting Files";
			sourceTree = "<group>";
		};
		6003F5B5195388D20070C39A /* Tests */ = {
			isa = PBXGroup;
			children = (
				6003F5BB195388D20070C39A /* Tests.m */,
				6003F5B6195388D20070C39A /* Supporting Files */,
			);
			path = Tests;
			sourceTree = "<group>";
		};
		6003F5B6195388D20070C39A /* Supporting Files */ = {
			isa = PBXGroup;
			children = (
				6003F5B7195388D20070C39A /* Tests-Info.plist */,
				6003F5B8195388D20070C39A /* InfoPlist.strings */,
				606FC2411953D9B200FFA9A0 /* Tests-Prefix.pch */,
			);
			name = "Supporting Files";
			sourceTree = "<group>";
		};
		60FF7A9C1954A5C5007DD14C /* Podspec Metadata */ = {
			isa = PBXGroup;
			children = (
				52ECD9727F7B039FFB82FBA3 /* YALField.podspec */,
				D988F04134CDD57479F93AAA /* README.md */,
				9299BB3F7CE8A9B836256C74 /* LICENSE */,
			);
			name = "Podspec Metadata";
			sourceTree = "<group>";
		};
/* End PBXGroup section */

/* Begin PBXNativeTarget section */
		6003F589195388D20070C39A /* YALField_Example */ = {
			isa = PBXNativeTarget;
			buildConfigurationList = 6003F5BF195388D20070C39A /* Build configuration list for PBXNativeTarget "YALField_Example" */;
			buildPhases = (
				051066126F32119FBBEFAC25 /* Check Pods Manifest.lock */,
				6003F586195388D20070C39A /* Sources */,
				6003F587195388D20070C39A /* Frameworks */,
				6003F588195388D20070C39A /* Resources */,
				BB236CB3A8DC9002502C4B56 /* Embed Pods Frameworks */,
				C66C7270F76480C86A591FD4 /* Copy Pods Resources */,
			);
			buildRules = (
			);
			dependencies = (
			);
			name = YALField_Example;
			productName = YALField;
			productReference = 6003F58A195388D20070C39A /* YALField_Example.app */;
			productType = "com.apple.product-type.application";
		};
		6003F5AD195388D20070C39A /* YALField_Tests */ = {
			isa = PBXNativeTarget;
			buildConfigurationList = 6003F5C2195388D20070C39A /* Build configuration list for PBXNativeTarget "YALField_Tests" */;
			buildPhases = (
				51CAAA915DDA40398B455B7A /* Check Pods Manifest.lock */,
				6003F5AA195388D20070C39A /* Sources */,
				6003F5AB195388D20070C39A /* Frameworks */,
				6003F5AC195388D20070C39A /* Resources */,
				B90031F1D7CD04A8AA966757 /* Embed Pods Frameworks */,
				3A53686D4123A57F6827BA9B /* Copy Pods Resources */,
			);
			buildRules = (
			);
			dependencies = (
				6003F5B4195388D20070C39A /* PBXTargetDependency */,
			);
			name = YALField_Tests;
			productName = YALFieldTests;
			productReference = 6003F5AE195388D20070C39A /* YALField_Tests.xctest */;
			productType = "com.apple.product-type.bundle.unit-test";
		};
/* End PBXNativeTarget section */

/* Begin PBXProject section */
		6003F582195388D10070C39A /* Project object */ = {
			isa = PBXProject;
			attributes = {
				CLASSPREFIX = YAL;
				LastUpgradeCheck = 0510;
				ORGANIZATIONNAME = "Igor Muzyka";
				TargetAttributes = {
					6003F5AD195388D20070C39A = {
						TestTargetID = 6003F589195388D20070C39A;
					};
				};
			};
			buildConfigurationList = 6003F585195388D10070C39A /* Build configuration list for PBXProject "YALField" */;
			compatibilityVersion = "Xcode 3.2";
			developmentRegion = English;
			hasScannedForEncodings = 0;
			knownRegions = (
				en,
				Base,
			);
			mainGroup = 6003F581195388D10070C39A;
			productRefGroup = 6003F58B195388D20070C39A /* Products */;
			projectDirPath = "";
			projectRoot = "";
			targets = (
				6003F589195388D20070C39A /* YALField_Example */,
				6003F5AD195388D20070C39A /* YALField_Tests */,
			);
		};
/* End PBXProject section */

/* Begin PBXResourcesBuildPhase section */
		6003F588195388D20070C39A /* Resources */ = {
			isa = PBXResourcesBuildPhase;
			buildActionMask = 2147483647;
			files = (
				1CAA73B71BD1000400D0C21E /* Images.xcassets in Resources */,
				1CD269271BD7E8C000EA9B0E /* Main.storyboard in Resources */,
				1CD269261BD7E8C000EA9B0E /* Launch Screen.storyboard in Resources */,
				6003F598195388D20070C39A /* InfoPlist.strings in Resources */,
			);
			runOnlyForDeploymentPostprocessing = 0;
		};
		6003F5AC195388D20070C39A /* Resources */ = {
			isa = PBXResourcesBuildPhase;
			buildActionMask = 2147483647;
			files = (
				6003F5BA195388D20070C39A /* InfoPlist.strings in Resources */,
			);
			runOnlyForDeploymentPostprocessing = 0;
		};
/* End PBXResourcesBuildPhase section */

/* Begin PBXShellScriptBuildPhase section */
		051066126F32119FBBEFAC25 /* Check Pods Manifest.lock */ = {
			isa = PBXShellScriptBuildPhase;
			buildActionMask = 2147483647;
			files = (
			);
			inputPaths = (
			);
			name = "Check Pods Manifest.lock";
			outputPaths = (
			);
			runOnlyForDeploymentPostprocessing = 0;
			shellPath = /bin/sh;
			shellScript = "diff \"${PODS_ROOT}/../Podfile.lock\" \"${PODS_ROOT}/Manifest.lock\" > /dev/null\nif [[ $? != 0 ]] ; then\n    cat << EOM\nerror: The sandbox is not in sync with the Podfile.lock. Run 'pod install' or update your CocoaPods installation.\nEOM\n    exit 1\nfi\n";
			showEnvVarsInLog = 0;
		};
		3A53686D4123A57F6827BA9B /* Copy Pods Resources */ = {
			isa = PBXShellScriptBuildPhase;
			buildActionMask = 2147483647;
			files = (
			);
			inputPaths = (
			);
			name = "Copy Pods Resources";
			outputPaths = (
			);
			runOnlyForDeploymentPostprocessing = 0;
			shellPath = /bin/sh;
			shellScript = "\"${SRCROOT}/Pods/Target Support Files/Pods-YALField_Tests/Pods-YALField_Tests-resources.sh\"\n";
			showEnvVarsInLog = 0;
		};
		51CAAA915DDA40398B455B7A /* Check Pods Manifest.lock */ = {
			isa = PBXShellScriptBuildPhase;
			buildActionMask = 2147483647;
			files = (
			);
			inputPaths = (
			);
			name = "Check Pods Manifest.lock";
			outputPaths = (
			);
			runOnlyForDeploymentPostprocessing = 0;
			shellPath = /bin/sh;
			shellScript = "diff \"${PODS_ROOT}/../Podfile.lock\" \"${PODS_ROOT}/Manifest.lock\" > /dev/null\nif [[ $? != 0 ]] ; then\n    cat << EOM\nerror: The sandbox is not in sync with the Podfile.lock. Run 'pod install' or update your CocoaPods installation.\nEOM\n    exit 1\nfi\n";
			showEnvVarsInLog = 0;
		};
		B90031F1D7CD04A8AA966757 /* Embed Pods Frameworks */ = {
			isa = PBXShellScriptBuildPhase;
			buildActionMask = 2147483647;
			files = (
			);
			inputPaths = (
			);
			name = "Embed Pods Frameworks";
			outputPaths = (
			);
			runOnlyForDeploymentPostprocessing = 0;
			shellPath = /bin/sh;
			shellScript = "\"${SRCROOT}/Pods/Target Support Files/Pods-YALField_Tests/Pods-YALField_Tests-frameworks.sh\"\n";
			showEnvVarsInLog = 0;
		};
		BB236CB3A8DC9002502C4B56 /* Embed Pods Frameworks */ = {
			isa = PBXShellScriptBuildPhase;
			buildActionMask = 2147483647;
			files = (
			);
			inputPaths = (
			);
			name = "Embed Pods Frameworks";
			outputPaths = (
			);
			runOnlyForDeploymentPostprocessing = 0;
			shellPath = /bin/sh;
			shellScript = "\"${SRCROOT}/Pods/Target Support Files/Pods-YALField_Example/Pods-YALField_Example-frameworks.sh\"\n";
			showEnvVarsInLog = 0;
		};
		C66C7270F76480C86A591FD4 /* Copy Pods Resources */ = {
			isa = PBXShellScriptBuildPhase;
			buildActionMask = 2147483647;
			files = (
			);
			inputPaths = (
			);
			name = "Copy Pods Resources";
			outputPaths = (
			);
			runOnlyForDeploymentPostprocessing = 0;
			shellPath = /bin/sh;
			shellScript = "\"${SRCROOT}/Pods/Target Support Files/Pods-YALField_Example/Pods-YALField_Example-resources.sh\"\n";
			showEnvVarsInLog = 0;
		};
/* End PBXShellScriptBuildPhase section */

/* Begin PBXSourcesBuildPhase section */
		6003F586195388D20070C39A /* Sources */ = {
			isa = PBXSourcesBuildPhase;
			buildActionMask = 2147483647;
			files = (
				1C3FB0341BDA594300812EEC /* YALPaymentViewController.m in Sources */,
				1CD269461BD7EF1D00EA9B0E /* YALPhoneNumberFormatter.m in Sources */,
				1C3FB0411BDA8B4F00812EEC /* YALOrderConfigurator.m in Sources */,
				1C39E8381BDFAACF0099BEEA /* YALStepperSupplementaryView.m in Sources */,
				1C28694E1BD16D9A00145D38 /* YALLoginForm.m in Sources */,
				1CE36BC91BDB9950004A22ED /* YALRegistrationField.m in Sources */,
				1CD2693A1BD7E95300EA9B0E /* YALCreditCardCvvValidator.m in Sources */,
				1CD2693C1BD7E95300EA9B0E /* YALPasswordValidator.m in Sources */,
				1C54A6FD1BD92FF500F64FB6 /* YALEditProfileForm.m in Sources */,
				1C510D5F1BDE993100EF4FC4 /* YALCustomResponder.m in Sources */,
				1C54A6FA1BD92FD600F64FB6 /* YALProfileForm.m in Sources */,
				1C39E83C1BDFAD680099BEEA /* YALDateNonEmptyValidator.m in Sources */,
				1C39E8541BDFD9510099BEEA /* UIImage+YALExampleImages.m in Sources */,
				1CD269431BD7EF0100EA9B0E /* YALCreditCardNumberFormatter.m in Sources */,
				1CAA73C01BD1013C00D0C21E /* YALRegistrationViewController.m in Sources */,
				1C8E3A501BE3C9CF0009A4DA /* YALExampleValidatingSupplementaryView.m in Sources */,
				1C510D581BDE685900EF4FC4 /* YALUser.m in Sources */,
				6003F59A195388D20070C39A /* main.m in Sources */,
				1CF179A51BD6B3E700FF80BA /* YALLoginConfigurator.m in Sources */,
				1C39E8341BDFA75C0099BEEA /* YALOrderField.m in Sources */,
				1CE648461BDF910100EAFFDA /* YALBirthDateFormatter.m in Sources */,
				1C54A7001BD9300300F64FB6 /* YALOrderForm.m in Sources */,
				1C39E8511BDFD9450099BEEA /* UIColor+YALExampleColors.m in Sources */,
				1C54A7031BD9300E00F64FB6 /* YALPaymentForm.m in Sources */,
				1C39E8581BDFDE720099BEEA /* YALPaymentField.m in Sources */,
				1CC726CA1BE26D2E0043C681 /* YALOrderStepperSupplementaryView.m in Sources */,
				1CF912B41BDC5B0F001CBB21 /* YALLoginField.m in Sources */,
				1C39E8401BDFADFB0099BEEA /* YALDeliveryTimeFormatter.m in Sources */,
				1C510D5B1BDE76EE00EF4FC4 /* YALEditProfileField.m in Sources */,
				1C39E8481BDFC4560099BEEA /* YALAlwaysValidValidator.m in Sources */,
				1C3FB0441BDA8B5700812EEC /* YALPaymentConfigurator.m in Sources */,
				1CD2693D1BD7E95300EA9B0E /* YALPhoneNumberValidator.m in Sources */,
				1CAA73BC1BD1005000D0C21E /* YALBaseViewController.m in Sources */,
				1C28692C1BD1072D00145D38 /* YALLoginViewController.m in Sources */,
				1CF1799F1BD6B3AA00FF80BA /* YALRegistrationForm.m in Sources */,
				1CAA73A91BD0FFF100D0C21E /* YALAppDelegate.m in Sources */,
				1C3FB0311BDA593A00812EEC /* YALOrderViewController.m in Sources */,
				1C3FB02B1BDA592300812EEC /* YALProfileViewController.m in Sources */,
				1CD2693B1BD7E95300EA9B0E /* YALEmailValidator.m in Sources */,
				1C3FB03B1BDA8B3700812EEC /* YALEditProfileConfigurator.m in Sources */,
				1C9A41311BE00686009D1B6A /* YALExpirationDateFormatter.m in Sources */,
				1C3FB02E1BDA593100812EEC /* YALEditProfileViewController.m in Sources */,
				1CF179A81BD6B3F400FF80BA /* YALRegistrationConfigurator.m in Sources */,
				1CD2694B1BD7F25F00EA9B0E /* YALExampleErrorsProvider.m in Sources */,
			);
			runOnlyForDeploymentPostprocessing = 0;
		};
		6003F5AA195388D20070C39A /* Sources */ = {
			isa = PBXSourcesBuildPhase;
			buildActionMask = 2147483647;
			files = (
				6003F5BC195388D20070C39A /* Tests.m in Sources */,
			);
			runOnlyForDeploymentPostprocessing = 0;
		};
/* End PBXSourcesBuildPhase section */

/* Begin PBXTargetDependency section */
		6003F5B4195388D20070C39A /* PBXTargetDependency */ = {
			isa = PBXTargetDependency;
			target = 6003F589195388D20070C39A /* YALField_Example */;
			targetProxy = 6003F5B3195388D20070C39A /* PBXContainerItemProxy */;
		};
/* End PBXTargetDependency section */

/* Begin PBXVariantGroup section */
		6003F596195388D20070C39A /* InfoPlist.strings */ = {
			isa = PBXVariantGroup;
			children = (
				6003F597195388D20070C39A /* en */,
			);
			name = InfoPlist.strings;
			sourceTree = "<group>";
		};
		6003F5B8195388D20070C39A /* InfoPlist.strings */ = {
			isa = PBXVariantGroup;
			children = (
				6003F5B9195388D20070C39A /* en */,
			);
			name = InfoPlist.strings;
			sourceTree = "<group>";
		};
/* End PBXVariantGroup section */

/* Begin XCBuildConfiguration section */
		6003F5BD195388D20070C39A /* Debug */ = {
			isa = XCBuildConfiguration;
			buildSettings = {
				ALWAYS_SEARCH_USER_PATHS = NO;
				CLANG_CXX_LANGUAGE_STANDARD = "gnu++0x";
				CLANG_CXX_LIBRARY = "libc++";
				CLANG_ENABLE_MODULES = YES;
				CLANG_ENABLE_OBJC_ARC = YES;
				CLANG_WARN_BOOL_CONVERSION = YES;
				CLANG_WARN_CONSTANT_CONVERSION = YES;
				CLANG_WARN_DIRECT_OBJC_ISA_USAGE = YES_ERROR;
				CLANG_WARN_EMPTY_BODY = YES;
				CLANG_WARN_ENUM_CONVERSION = YES;
				CLANG_WARN_INT_CONVERSION = YES;
				CLANG_WARN_OBJC_ROOT_CLASS = YES_ERROR;
				CLANG_WARN__DUPLICATE_METHOD_MATCH = YES;
				"CODE_SIGN_IDENTITY[sdk=iphoneos*]" = "iPhone Developer";
				COPY_PHASE_STRIP = NO;
				GCC_C_LANGUAGE_STANDARD = gnu99;
				GCC_DYNAMIC_NO_PIC = NO;
				GCC_OPTIMIZATION_LEVEL = 0;
				GCC_PREPROCESSOR_DEFINITIONS = (
					"DEBUG=1",
					"$(inherited)",
				);
				GCC_SYMBOLS_PRIVATE_EXTERN = NO;
				GCC_WARN_64_TO_32_BIT_CONVERSION = YES;
				GCC_WARN_ABOUT_RETURN_TYPE = YES_ERROR;
				GCC_WARN_UNDECLARED_SELECTOR = YES;
				GCC_WARN_UNINITIALIZED_AUTOS = YES_AGGRESSIVE;
				GCC_WARN_UNUSED_FUNCTION = YES;
				GCC_WARN_UNUSED_VARIABLE = YES;
				IPHONEOS_DEPLOYMENT_TARGET = 8.0;
				ONLY_ACTIVE_ARCH = YES;
				SDKROOT = iphoneos;
				TARGETED_DEVICE_FAMILY = "1,2";
			};
			name = Debug;
		};
		6003F5BE195388D20070C39A /* Release */ = {
			isa = XCBuildConfiguration;
			buildSettings = {
				ALWAYS_SEARCH_USER_PATHS = NO;
				CLANG_CXX_LANGUAGE_STANDARD = "gnu++0x";
				CLANG_CXX_LIBRARY = "libc++";
				CLANG_ENABLE_MODULES = YES;
				CLANG_ENABLE_OBJC_ARC = YES;
				CLANG_WARN_BOOL_CONVERSION = YES;
				CLANG_WARN_CONSTANT_CONVERSION = YES;
				CLANG_WARN_DIRECT_OBJC_ISA_USAGE = YES_ERROR;
				CLANG_WARN_EMPTY_BODY = YES;
				CLANG_WARN_ENUM_CONVERSION = YES;
				CLANG_WARN_INT_CONVERSION = YES;
				CLANG_WARN_OBJC_ROOT_CLASS = YES_ERROR;
				CLANG_WARN__DUPLICATE_METHOD_MATCH = YES;
				"CODE_SIGN_IDENTITY[sdk=iphoneos*]" = "iPhone Developer";
				COPY_PHASE_STRIP = YES;
				ENABLE_NS_ASSERTIONS = NO;
				GCC_C_LANGUAGE_STANDARD = gnu99;
				GCC_WARN_64_TO_32_BIT_CONVERSION = YES;
				GCC_WARN_ABOUT_RETURN_TYPE = YES_ERROR;
				GCC_WARN_UNDECLARED_SELECTOR = YES;
				GCC_WARN_UNINITIALIZED_AUTOS = YES_AGGRESSIVE;
				GCC_WARN_UNUSED_FUNCTION = YES;
				GCC_WARN_UNUSED_VARIABLE = YES;
				IPHONEOS_DEPLOYMENT_TARGET = 8.0;
				SDKROOT = iphoneos;
				TARGETED_DEVICE_FAMILY = "1,2";
				VALIDATE_PRODUCT = YES;
			};
			name = Release;
		};
		6003F5C0195388D20070C39A /* Debug */ = {
			isa = XCBuildConfiguration;
			baseConfigurationReference = F7F55C86FA7959F5A315D986 /* Pods-YALField_Example.debug.xcconfig */;
			buildSettings = {
				ASSETCATALOG_COMPILER_APPICON_NAME = AppIcon;
				ASSETCATALOG_COMPILER_LAUNCHIMAGE_NAME = LaunchImage;
				GCC_PRECOMPILE_PREFIX_HEADER = YES;
				GCC_PREFIX_HEADER = "YALField/YALField-Prefix.pch";
				INFOPLIST_FILE = "YALField/YALField-Info.plist";
				MODULE_NAME = ExampleApp;
				PRODUCT_NAME = "$(TARGET_NAME)";
				WRAPPER_EXTENSION = app;
			};
			name = Debug;
		};
		6003F5C1195388D20070C39A /* Release */ = {
			isa = XCBuildConfiguration;
			baseConfigurationReference = 2725364A31BC0762C06C3A9B /* Pods-YALField_Example.release.xcconfig */;
			buildSettings = {
				ASSETCATALOG_COMPILER_APPICON_NAME = AppIcon;
				ASSETCATALOG_COMPILER_LAUNCHIMAGE_NAME = LaunchImage;
				GCC_PRECOMPILE_PREFIX_HEADER = YES;
				GCC_PREFIX_HEADER = "YALField/YALField-Prefix.pch";
				INFOPLIST_FILE = "YALField/YALField-Info.plist";
				MODULE_NAME = ExampleApp;
				PRODUCT_NAME = "$(TARGET_NAME)";
				WRAPPER_EXTENSION = app;
			};
			name = Release;
		};
		6003F5C3195388D20070C39A /* Debug */ = {
			isa = XCBuildConfiguration;
			baseConfigurationReference = 68C037204D7529AC8645E47E /* Pods-YALField_Tests.debug.xcconfig */;
			buildSettings = {
				BUNDLE_LOADER = "$(TEST_HOST)";
				FRAMEWORK_SEARCH_PATHS = (
					"$(SDKROOT)/Developer/Library/Frameworks",
					"$(inherited)",
					"$(DEVELOPER_FRAMEWORKS_DIR)",
				);
				GCC_PRECOMPILE_PREFIX_HEADER = YES;
				GCC_PREFIX_HEADER = "Tests/Tests-Prefix.pch";
				GCC_PREPROCESSOR_DEFINITIONS = (
					"DEBUG=1",
					"$(inherited)",
				);
				INFOPLIST_FILE = "Tests/Tests-Info.plist";
				PRODUCT_NAME = "$(TARGET_NAME)";
				TEST_HOST = "$(BUILT_PRODUCTS_DIR)/YALField_Example.app/YALField_Example";
				WRAPPER_EXTENSION = xctest;
			};
			name = Debug;
		};
		6003F5C4195388D20070C39A /* Release */ = {
			isa = XCBuildConfiguration;
			baseConfigurationReference = CAC3960C2CCE902C0FAD766E /* Pods-YALField_Tests.release.xcconfig */;
			buildSettings = {
				BUNDLE_LOADER = "$(TEST_HOST)";
				FRAMEWORK_SEARCH_PATHS = (
					"$(SDKROOT)/Developer/Library/Frameworks",
					"$(inherited)",
					"$(DEVELOPER_FRAMEWORKS_DIR)",
				);
				GCC_PRECOMPILE_PREFIX_HEADER = YES;
				GCC_PREFIX_HEADER = "Tests/Tests-Prefix.pch";
				INFOPLIST_FILE = "Tests/Tests-Info.plist";
				PRODUCT_NAME = "$(TARGET_NAME)";
				TEST_HOST = "$(BUILT_PRODUCTS_DIR)/YALField_Example.app/YALField_Example";
				WRAPPER_EXTENSION = xctest;
			};
			name = Release;
		};
/* End XCBuildConfiguration section */

/* Begin XCConfigurationList section */
		6003F585195388D10070C39A /* Build configuration list for PBXProject "YALField" */ = {
			isa = XCConfigurationList;
			buildConfigurations = (
				6003F5BD195388D20070C39A /* Debug */,
				6003F5BE195388D20070C39A /* Release */,
			);
			defaultConfigurationIsVisible = 0;
			defaultConfigurationName = Release;
		};
		6003F5BF195388D20070C39A /* Build configuration list for PBXNativeTarget "YALField_Example" */ = {
			isa = XCConfigurationList;
			buildConfigurations = (
				6003F5C0195388D20070C39A /* Debug */,
				6003F5C1195388D20070C39A /* Release */,
			);
			defaultConfigurationIsVisible = 0;
			defaultConfigurationName = Release;
		};
		6003F5C2195388D20070C39A /* Build configuration list for PBXNativeTarget "YALField_Tests" */ = {
			isa = XCConfigurationList;
			buildConfigurations = (
				6003F5C3195388D20070C39A /* Debug */,
				6003F5C4195388D20070C39A /* Release */,
			);
			defaultConfigurationIsVisible = 0;
			defaultConfigurationName = Release;
		};
/* End XCConfigurationList section */
	};
	rootObject = 6003F582195388D10070C39A /* Project object */;
}
